
Microsoft Visual Studio Solution File, Format Version 12.00
# Visual Studio Version 17
VisualStudioVersion = 17.9.34728.123
MinimumVisualStudioVersion = 10.0.40219.1
Project("{FAE04EC0-301F-11D3-BF4B-00C04F79EFBC}") = "ExtraVert", "ExtraVert.csproj", "{632E6520-E537-4736-995D-8E742D6B67FA}"
EndProject
Global
	GlobalSection(SolutionConfigurationPlatforms) = preSolution
		Debug|Any CPU = Debug|Any CPU
		Release|Any CPU = Release|Any CPU
	EndGlobalSection
	GlobalSection(ProjectConfigurationPlatforms) = postSolution
		{632E6520-E537-4736-995D-8E742D6B67FA}.Debug|Any CPU.ActiveCfg = Debug|Any CPU
		{632E6520-E537-4736-995D-8E742D6B67FA}.Debug|Any CPU.Build.0 = Debug|Any CPU
		{632E6520-E537-4736-995D-8E742D6B67FA}.Release|Any CPU.ActiveCfg = Release|Any CPU
		{632E6520-E537-4736-995D-8E742D6B67FA}.Release|Any CPU.Build.0 = Release|Any CPU
	EndGlobalSection
	GlobalSection(SolutionProperties) = preSolution
		HideSolutionNode = FALSE
	EndGlobalSection
	GlobalSection(ExtensibilityGlobals) = postSolution
		SolutionGuid = {30B977DC-A3FA-4E0A-A2CA-1F70719A5CA2}
	EndGlobalSection
EndGlobal
